
Microsoft Visual Studio Solution File, Format Version 12.00
# Visual Studio Version 16
VisualStudioVersion = 16.0.31205.134
MinimumVisualStudioVersion = 10.0.40219.1
Project("{9A19103F-16F7-4668-BE54-9A1E7A4F7556}") = "MVCOrder", "MVCOrder\MVCOrder.csproj", "{655F390C-D83F-4722-807B-EDE391B00937}"
EndProject
Global
	GlobalSection(SolutionConfigurationPlatforms) = preSolution
		Debug|Any CPU = Debug|Any CPU
		Release|Any CPU = Release|Any CPU
	EndGlobalSection
	GlobalSection(ProjectConfigurationPlatforms) = postSolution
		{655F390C-D83F-4722-807B-EDE391B00937}.Debug|Any CPU.ActiveCfg = Debug|Any CPU
		{655F390C-D83F-4722-807B-EDE391B00937}.Debug|Any CPU.Build.0 = Debug|Any CPU
		{655F390C-D83F-4722-807B-EDE391B00937}.Release|Any CPU.ActiveCfg = Release|Any CPU
		{655F390C-D83F-4722-807B-EDE391B00937}.Release|Any CPU.Build.0 = Release|Any CPU
	EndGlobalSection
	GlobalSection(SolutionProperties) = preSolution
		HideSolutionNode = FALSE
	EndGlobalSection
	GlobalSection(ExtensibilityGlobals) = postSolution
		SolutionGuid = {7A0A1DA9-519F-4898-B7A6-26EFE17CB772}
	EndGlobalSection
EndGlobal
